{
  "pins" : [
    {
      "identity" : "slackwater-engine",
      "kind" : "remoteSourceControl",
      "location" : "https://github.com/sailingnaturali/slackwater-engine",
      "state" : {
        "revision" : "471e36d344fe544850ce19f5d724f8951789fe60",
        "version" : "0.2.0"
      }
    }
  ],
  "version" : 2
}
