{
  "name": "slackwater-ios-tools",
  "lockfileVersion": 3,
  "requires": true,
  "packages": {
    "": {
      "name": "slackwater-ios-tools",
      "devDependencies": {
        "@slackwater/database": "1.0.0-beta.20260929",
        "@slackwater/engine": "^1.0.0-beta.0",
        "tz-lookup": "^6.1.25"
      }
    },
    "node_modules/@slackwater/database": {
      "version": "1.0.0-beta.20260929",
      "resolved": "https://registry.npmjs.org/@slackwater/database/-/database-1.0.0-beta.20260929.tgz",
      "integrity": "sha512-hpPLBDcaDDECoBAUVX6fbumAXHpHMA9AUGLd+bP8tfjLHjcRgdnFZZ5cE1pLGSY3VRArvtVmpfcz+ozpalYxkg==",
      "dev": true,
      "license": "MIT",
      "dependencies": {
        "flatbuffers": "^25.9.23",
        "geokdbush": "^2.0.1",
        "kdbush": "^4.0.2",
        "minisearch": "^7.2.0"
      }
    },
    "node_modules/@slackwater/engine": {
      "version": "1.0.0-beta.0",
      "resolved": "https://registry.npmjs.org/@slackwater/engine/-/engine-1.0.0-beta.0.tgz",
      "integrity": "sha512-4TB3Z/poKUCtlUmlSJZcH9iFr3bWZiJ8uid/LIKPpHosX3sU/faXaWh/C4JnGpTS/jHfprmsKt9YDFQwnZS8lw==",
      "dev": true,
      "license": "MIT"
    },
    "node_modules/flatbuffers": {
      "version": "25.9.23",
      "resolved": "https://registry.npmjs.org/flatbuffers/-/flatbuffers-25.9.23.tgz",
      "integrity": "sha512-MI1qs7Lo4Syw0EOzUl0xjs2lsoeqFku44KpngfIduHBYvzm8h2+7K8YMQh1JtVVVrUvhLpNwqVi4DERegUJhPQ==",
      "dev": true,
      "license": "Apache-2.0"
    },
    "node_modules/geokdbush": {
      "version": "2.1.0",
      "resolved": "https://registry.npmjs.org/geokdbush/-/geokdbush-2.1.0.tgz",
      "integrity": "sha512-bMc7mu+SeUxtHwRpVvZ36qnZa/x8YAGuaPNeGDxd9bxp/jYuJ5GrUirUPz6UNiT+nn/79IQ4gCNan0y4alEUxw==",
      "dev": true,
      "license": "ISC",
      "dependencies": {
        "tinyqueue": "^3.0.0"
      }
    },
    "node_modules/kdbush": {
      "version": "4.1.0",
      "resolved": "https://registry.npmjs.org/kdbush/-/kdbush-4.1.0.tgz",
      "integrity": "sha512-e9vurzrXJQrFX6ckpHP3bvj5l+9CnYzkxDNnNQ1h2QTqdWsUAJgXiKdGNcOa1EY85dU8KbQ+z/FdQdB7P+9yfQ==",
      "dev": true,
      "license": "ISC"
    },
    "node_modules/minisearch": {
      "version": "7.2.0",
      "resolved": "https://registry.npmjs.org/minisearch/-/minisearch-7.2.0.tgz",
      "integrity": "sha512-dqT2XBYUOZOiC5t2HRnwADjhNS2cecp9u+TJRiJ1Qp/f5qjkeT5APcGPjHw+bz89Ms8Jp+cG4AlE+QZ/QnDglg==",
      "dev": true,
      "license": "MIT"
    },
    "node_modules/tinyqueue": {
      "version": "3.0.0",
      "resolved": "https://registry.npmjs.org/tinyqueue/-/tinyqueue-3.0.0.tgz",
      "integrity": "sha512-gRa9gwYU3ECmQYv3lslts5hxuIa90veaEcxDYuu3QGOIAEM2mOZkVHp48ANJuu1CURtRdHKUBY5Lm1tHV+sD4g==",
      "dev": true,
      "license": "ISC"
    },
    "node_modules/tz-lookup": {
      "version": "6.1.25",
      "resolved": "https://registry.npmjs.org/tz-lookup/-/tz-lookup-6.1.25.tgz",
      "integrity": "sha512-fFewT9o1uDzsW1QnUU1ValqaihFnwiUiiHr1S79/fxOzKXYYvX+EHeRnpvQJ9B3Qg67wPXT6QF2Esc4pFOrvLg==",
      "dev": true,
      "license": "CC0-1.0"
    }
  }
}
